
Microsoft Visual Studio Solution File, Format Version 12.00
# Visual Studio Version 16
VisualStudioVersion = 16.0.29519.87
MinimumVisualStudioVersion = 10.0.40219.1
Project("{FAE04EC0-301F-11D3-BF4B-00C04F79EFBC}") = "Ha", "Ha.csproj", "{1403A508-884C-4125-B5A8-D801340B8443}"
EndProject
Global
	GlobalSection(SolutionConfigurationPlatforms) = preSolution
		Debug|Any CPU = Debug|Any CPU
		Release|Any CPU = Release|Any CPU
	EndGlobalSection
	GlobalSection(ProjectConfigurationPlatforms) = postSolution
		{1403A508-884C-4125-B5A8-D801340B8443}.Debug|Any CPU.ActiveCfg = Debug|Any CPU
		{1403A508-884C-4125-B5A8-D801340B8443}.Debug|Any CPU.Build.0 = Debug|Any CPU
		{1403A508-884C-4125-B5A8-D801340B8443}.Release|Any CPU.ActiveCfg = Release|Any CPU
		{1403A508-884C-4125-B5A8-D801340B8443}.Release|Any CPU.Build.0 = Release|Any CPU
	EndGlobalSection
	GlobalSection(SolutionProperties) = preSolution
		HideSolutionNode = FALSE
	EndGlobalSection
	GlobalSection(ExtensibilityGlobals) = postSolution
		SolutionGuid = {601BC729-3F7B-4C66-81E7-CD2904DC372E}
	EndGlobalSection
EndGlobal
